
Microsoft Visual Studio Solution File, Format Version 12.00
# Visual Studio Version 17
VisualStudioVersion = 17.8.34322.80
MinimumVisualStudioVersion = 10.0.40219.1
Project("{FAE04EC0-301F-11D3-BF4B-00C04F79EFBC}") = "RecipeFinder", "RecipeFinder\RecipeFinder.csproj", "{06EEA4C6-0245-47A2-8B8F-4278BD392AD4}"
EndProject
Global
	GlobalSection(SolutionConfigurationPlatforms) = preSolution
		Debug|Any CPU = Debug|Any CPU
		Release|Any CPU = Release|Any CPU
	EndGlobalSection
	GlobalSection(ProjectConfigurationPlatforms) = postSolution
		{06EEA4C6-0245-47A2-8B8F-4278BD392AD4}.Debug|Any CPU.ActiveCfg = Debug|Any CPU
		{06EEA4C6-0245-47A2-8B8F-4278BD392AD4}.Debug|Any CPU.Build.0 = Debug|Any CPU
		{06EEA4C6-0245-47A2-8B8F-4278BD392AD4}.Release|Any CPU.ActiveCfg = Release|Any CPU
		{06EEA4C6-0245-47A2-8B8F-4278BD392AD4}.Release|Any CPU.Build.0 = Release|Any CPU
	EndGlobalSection
	GlobalSection(SolutionProperties) = preSolution
		HideSolutionNode = FALSE
	EndGlobalSection
	GlobalSection(ExtensibilityGlobals) = postSolution
		SolutionGuid = {D28F4497-A761-45D5-B1E3-6DD04C73A0A9}
	EndGlobalSection
EndGlobal
